
Microsoft Visual Studio Solution File, Format Version 12.00
# Visual Studio 14
VisualStudioVersion = 14.0.25123.0
MinimumVisualStudioVersion = 10.0.40219.1
Project("{2150E333-8FDC-42A3-9474-1A3956D46DE8}") = "WebServices", "WebServices", "{F8B325A5-9A63-4FA3-A9FE-37F79B1857B9}"
EndProject
Project("{FAE04EC0-301F-11D3-BF4B-00C04F79EFBC}") = "Fhr.Contacts.WebApi", "Fhr.Contacts.WebApi\Fhr.Contacts.WebApi.csproj", "{A50F5D6C-9ED5-4FB9-9B11-144756E3F292}"
EndProject
Project("{FAE04EC0-301F-11D3-BF4B-00C04F79EFBC}") = "Fhr.Contacts.TransactionScript.Interfaces", "Fhr.Contacts.TransactionScript.Interfaces\Fhr.Contacts.TransactionScript.Interfaces.csproj", "{667B6B01-1296-4052-8D78-0A2437F43A56}"
EndProject
Project("{FAE04EC0-301F-11D3-BF4B-00C04F79EFBC}") = "Fhr.Contacts.Models", "Fhr.Contacts.Models\Fhr.Contacts.Models.csproj", "{EFC89861-018E-46D4-BDF2-5CD2CFCDC7A9}"
EndProject
Project("{FAE04EC0-301F-11D3-BF4B-00C04F79EFBC}") = "Fhr.ActiveDirectory.WebApi", "Fhr.ActiveDirectory.WebApi\Fhr.ActiveDirectory.WebApi.csproj", "{0A7EDD1E-06D2-4F7A-AD97-5C12A7928403}"
EndProject
Project("{FAE04EC0-301F-11D3-BF4B-00C04F79EFBC}") = "Fhr.Contacts.WebJob.GenerateThumbnail", "Fhr.Contacts.WebJob.GenerateThumbnail\Fhr.Contacts.WebJob.GenerateThumbnail.csproj", "{28EE4B93-153B-40C8-909F-CE8F151C7148}"
EndProject
Project("{2150E333-8FDC-42A3-9474-1A3956D46DE8}") = "Contacts", "Contacts", "{846C50AC-7E33-47E4-8ABF-91244D50E711}"
EndProject
Project("{2150E333-8FDC-42A3-9474-1A3956D46DE8}") = "ActiveDirectory", "ActiveDirectory", "{F35BF810-C590-4CD8-B52B-7DD3BB77ADB1}"
EndProject
Project("{FAE04EC0-301F-11D3-BF4B-00C04F79EFBC}") = "Fhr.Contacts.Common", "Fhr.Contacts.Common\Fhr.Contacts.Common.csproj", "{26BB7087-1CD9-4020-8485-BD1F86FF2EC0}"
EndProject
Project("{2150E333-8FDC-42A3-9474-1A3956D46DE8}") = "Testing", "Testing", "{E7B230AD-B3AF-47EB-B5DF-C2EDF0696715}"
EndProject
Project("{FAE04EC0-301F-11D3-BF4B-00C04F79EFBC}") = "Fhr.Contacts.UnitTests", "Fhr.Contacts.UnitTests\Fhr.Contacts.UnitTests.csproj", "{79F95350-DC2C-4006-BFD5-1E9CD1A85A04}"
EndProject
Project("{FAE04EC0-301F-11D3-BF4B-00C04F79EFBC}") = "Fhr.Contacts.Repository.Interfaces", "Fhr.Contacts.Repository.Interfaces\Fhr.Contacts.Repository.Interfaces.csproj", "{D97EE7E7-1341-4A51-9664-C06A6806C3FB}"
EndProject
Project("{FAE04EC0-301F-11D3-BF4B-00C04F79EFBC}") = "Fhr.Contacts.Repository.Implementation", "Fhr.Contacts.Repository.Implementation\Fhr.Contacts.Repository.Implementation.csproj", "{3ACF05DA-97FE-4178-8386-AE0E791BC21B}"
EndProject
Project("{FAE04EC0-301F-11D3-BF4B-00C04F79EFBC}") = "Fhr.Contacts.TransactionScript.Implementation", "Fhr.Contacts.TransactionScript.Implementation\Fhr.Contacts.TransactionScript.Implementation.csproj", "{16822D29-9A5E-415A-B514-585DC1D8E085}"
EndProject
Project("{FAE04EC0-301F-11D3-BF4B-00C04F79EFBC}") = "Fhr.Contacts.Dto", "Fhr.Contacts.Dto\Fhr.Contacts.Dto.csproj", "{47590670-9439-43EC-BE91-E46A7A3868A0}"
EndProject
Project("{FAE04EC0-301F-11D3-BF4B-00C04F79EFBC}") = "Fhr.Contacts.Deployment", "Fhr.Contacts.Deployment\Fhr.Contacts.Deployment.csproj", "{FF223D35-EF43-4173-8768-02BF574F2E18}"
EndProject
Global
	GlobalSection(SolutionConfigurationPlatforms) = preSolution
		Debug|Any CPU = Debug|Any CPU
		Release|Any CPU = Release|Any CPU
		Test|Any CPU = Test|Any CPU
	EndGlobalSection
	GlobalSection(ProjectConfigurationPlatforms) = postSolution
		{A50F5D6C-9ED5-4FB9-9B11-144756E3F292}.Debug|Any CPU.ActiveCfg = Debug|Any CPU
		{A50F5D6C-9ED5-4FB9-9B11-144756E3F292}.Debug|Any CPU.Build.0 = Debug|Any CPU
		{A50F5D6C-9ED5-4FB9-9B11-144756E3F292}.Release|Any CPU.ActiveCfg = Release|Any CPU
		{A50F5D6C-9ED5-4FB9-9B11-144756E3F292}.Release|Any CPU.Build.0 = Release|Any CPU
		{A50F5D6C-9ED5-4FB9-9B11-144756E3F292}.Test|Any CPU.ActiveCfg = Test|Any CPU
		{A50F5D6C-9ED5-4FB9-9B11-144756E3F292}.Test|Any CPU.Build.0 = Test|Any CPU
		{667B6B01-1296-4052-8D78-0A2437F43A56}.Debug|Any CPU.ActiveCfg = Debug|Any CPU
		{667B6B01-1296-4052-8D78-0A2437F43A56}.Debug|Any CPU.Build.0 = Debug|Any CPU
		{667B6B01-1296-4052-8D78-0A2437F43A56}.Release|Any CPU.ActiveCfg = Release|Any CPU
		{667B6B01-1296-4052-8D78-0A2437F43A56}.Release|Any CPU.Build.0 = Release|Any CPU
		{667B6B01-1296-4052-8D78-0A2437F43A56}.Test|Any CPU.ActiveCfg = Test|Any CPU
		{667B6B01-1296-4052-8D78-0A2437F43A56}.Test|Any CPU.Build.0 = Test|Any CPU
		{EFC89861-018E-46D4-BDF2-5CD2CFCDC7A9}.Debug|Any CPU.ActiveCfg = Debug|Any CPU
		{EFC89861-018E-46D4-BDF2-5CD2CFCDC7A9}.Debug|Any CPU.Build.0 = Debug|Any CPU
		{EFC89861-018E-46D4-BDF2-5CD2CFCDC7A9}.Release|Any CPU.ActiveCfg = Release|Any CPU
		{EFC89861-018E-46D4-BDF2-5CD2CFCDC7A9}.Release|Any CPU.Build.0 = Release|Any CPU
		{EFC89861-018E-46D4-BDF2-5CD2CFCDC7A9}.Test|Any CPU.ActiveCfg = Test|Any CPU
		{EFC89861-018E-46D4-BDF2-5CD2CFCDC7A9}.Test|Any CPU.Build.0 = Test|Any CPU
		{0A7EDD1E-06D2-4F7A-AD97-5C12A7928403}.Debug|Any CPU.ActiveCfg = Debug|Any CPU
		{0A7EDD1E-06D2-4F7A-AD97-5C12A7928403}.Debug|Any CPU.Build.0 = Debug|Any CPU
		{0A7EDD1E-06D2-4F7A-AD97-5C12A7928403}.Release|Any CPU.ActiveCfg = Release|Any CPU
		{0A7EDD1E-06D2-4F7A-AD97-5C12A7928403}.Release|Any CPU.Build.0 = Release|Any CPU
		{0A7EDD1E-06D2-4F7A-AD97-5C12A7928403}.Test|Any CPU.ActiveCfg = Test|Any CPU
		{0A7EDD1E-06D2-4F7A-AD97-5C12A7928403}.Test|Any CPU.Build.0 = Test|Any CPU
		{28EE4B93-153B-40C8-909F-CE8F151C7148}.Debug|Any CPU.ActiveCfg = Debug|Any CPU
		{28EE4B93-153B-40C8-909F-CE8F151C7148}.Debug|Any CPU.Build.0 = Debug|Any CPU
		{28EE4B93-153B-40C8-909F-CE8F151C7148}.Release|Any CPU.ActiveCfg = Release|Any CPU
		{28EE4B93-153B-40C8-909F-CE8F151C7148}.Release|Any CPU.Build.0 = Release|Any CPU
		{28EE4B93-153B-40C8-909F-CE8F151C7148}.Test|Any CPU.ActiveCfg = Test|Any CPU
		{28EE4B93-153B-40C8-909F-CE8F151C7148}.Test|Any CPU.Build.0 = Test|Any CPU
		{26BB7087-1CD9-4020-8485-BD1F86FF2EC0}.Debug|Any CPU.ActiveCfg = Debug|Any CPU
		{26BB7087-1CD9-4020-8485-BD1F86FF2EC0}.Debug|Any CPU.Build.0 = Debug|Any CPU
		{26BB7087-1CD9-4020-8485-BD1F86FF2EC0}.Release|Any CPU.ActiveCfg = Release|Any CPU
		{26BB7087-1CD9-4020-8485-BD1F86FF2EC0}.Release|Any CPU.Build.0 = Release|Any CPU
		{26BB7087-1CD9-4020-8485-BD1F86FF2EC0}.Test|Any CPU.ActiveCfg = Test|Any CPU
		{26BB7087-1CD9-4020-8485-BD1F86FF2EC0}.Test|Any CPU.Build.0 = Test|Any CPU
		{79F95350-DC2C-4006-BFD5-1E9CD1A85A04}.Debug|Any CPU.ActiveCfg = Debug|Any CPU
		{79F95350-DC2C-4006-BFD5-1E9CD1A85A04}.Debug|Any CPU.Build.0 = Debug|Any CPU
		{79F95350-DC2C-4006-BFD5-1E9CD1A85A04}.Release|Any CPU.ActiveCfg = Release|Any CPU
		{79F95350-DC2C-4006-BFD5-1E9CD1A85A04}.Release|Any CPU.Build.0 = Release|Any CPU
		{79F95350-DC2C-4006-BFD5-1E9CD1A85A04}.Test|Any CPU.ActiveCfg = Test|Any CPU
		{79F95350-DC2C-4006-BFD5-1E9CD1A85A04}.Test|Any CPU.Build.0 = Test|Any CPU
		{D97EE7E7-1341-4A51-9664-C06A6806C3FB}.Debug|Any CPU.ActiveCfg = Debug|Any CPU
		{D97EE7E7-1341-4A51-9664-C06A6806C3FB}.Debug|Any CPU.Build.0 = Debug|Any CPU
		{D97EE7E7-1341-4A51-9664-C06A6806C3FB}.Release|Any CPU.ActiveCfg = Release|Any CPU
		{D97EE7E7-1341-4A51-9664-C06A6806C3FB}.Release|Any CPU.Build.0 = Release|Any CPU
		{D97EE7E7-1341-4A51-9664-C06A6806C3FB}.Test|Any CPU.ActiveCfg = Test|Any CPU
		{D97EE7E7-1341-4A51-9664-C06A6806C3FB}.Test|Any CPU.Build.0 = Test|Any CPU
		{3ACF05DA-97FE-4178-8386-AE0E791BC21B}.Debug|Any CPU.ActiveCfg = Debug|Any CPU
		{3ACF05DA-97FE-4178-8386-AE0E791BC21B}.Debug|Any CPU.Build.0 = Debug|Any CPU
		{3ACF05DA-97FE-4178-8386-AE0E791BC21B}.Release|Any CPU.ActiveCfg = Release|Any CPU
		{3ACF05DA-97FE-4178-8386-AE0E791BC21B}.Release|Any CPU.Build.0 = Release|Any CPU
		{3ACF05DA-97FE-4178-8386-AE0E791BC21B}.Test|Any CPU.ActiveCfg = Test|Any CPU
		{3ACF05DA-97FE-4178-8386-AE0E791BC21B}.Test|Any CPU.Build.0 = Test|Any CPU
		{16822D29-9A5E-415A-B514-585DC1D8E085}.Debug|Any CPU.ActiveCfg = Debug|Any CPU
		{16822D29-9A5E-415A-B514-585DC1D8E085}.Debug|Any CPU.Build.0 = Debug|Any CPU
		{16822D29-9A5E-415A-B514-585DC1D8E085}.Release|Any CPU.ActiveCfg = Release|Any CPU
		{16822D29-9A5E-415A-B514-585DC1D8E085}.Release|Any CPU.Build.0 = Release|Any CPU
		{16822D29-9A5E-415A-B514-585DC1D8E085}.Test|Any CPU.ActiveCfg = Test|Any CPU
		{16822D29-9A5E-415A-B514-585DC1D8E085}.Test|Any CPU.Build.0 = Test|Any CPU
		{47590670-9439-43EC-BE91-E46A7A3868A0}.Debug|Any CPU.ActiveCfg = Debug|Any CPU
		{47590670-9439-43EC-BE91-E46A7A3868A0}.Debug|Any CPU.Build.0 = Debug|Any CPU
		{47590670-9439-43EC-BE91-E46A7A3868A0}.Release|Any CPU.ActiveCfg = Release|Any CPU
		{47590670-9439-43EC-BE91-E46A7A3868A0}.Release|Any CPU.Build.0 = Release|Any CPU
		{47590670-9439-43EC-BE91-E46A7A3868A0}.Test|Any CPU.ActiveCfg = Test|Any CPU
		{47590670-9439-43EC-BE91-E46A7A3868A0}.Test|Any CPU.Build.0 = Test|Any CPU
		{FF223D35-EF43-4173-8768-02BF574F2E18}.Debug|Any CPU.ActiveCfg = Debug|Any CPU
		{FF223D35-EF43-4173-8768-02BF574F2E18}.Debug|Any CPU.Build.0 = Debug|Any CPU
		{FF223D35-EF43-4173-8768-02BF574F2E18}.Release|Any CPU.ActiveCfg = Release|Any CPU
		{FF223D35-EF43-4173-8768-02BF574F2E18}.Release|Any CPU.Build.0 = Release|Any CPU
		{FF223D35-EF43-4173-8768-02BF574F2E18}.Test|Any CPU.ActiveCfg = Release|Any CPU
		{FF223D35-EF43-4173-8768-02BF574F2E18}.Test|Any CPU.Build.0 = Release|Any CPU
	EndGlobalSection
	GlobalSection(SolutionProperties) = preSolution
		HideSolutionNode = FALSE
	EndGlobalSection
	GlobalSection(NestedProjects) = preSolution
		{A50F5D6C-9ED5-4FB9-9B11-144756E3F292} = {846C50AC-7E33-47E4-8ABF-91244D50E711}
		{667B6B01-1296-4052-8D78-0A2437F43A56} = {846C50AC-7E33-47E4-8ABF-91244D50E711}
		{EFC89861-018E-46D4-BDF2-5CD2CFCDC7A9} = {846C50AC-7E33-47E4-8ABF-91244D50E711}
		{0A7EDD1E-06D2-4F7A-AD97-5C12A7928403} = {F35BF810-C590-4CD8-B52B-7DD3BB77ADB1}
		{28EE4B93-153B-40C8-909F-CE8F151C7148} = {846C50AC-7E33-47E4-8ABF-91244D50E711}
		{846C50AC-7E33-47E4-8ABF-91244D50E711} = {F8B325A5-9A63-4FA3-A9FE-37F79B1857B9}
		{F35BF810-C590-4CD8-B52B-7DD3BB77ADB1} = {F8B325A5-9A63-4FA3-A9FE-37F79B1857B9}
		{26BB7087-1CD9-4020-8485-BD1F86FF2EC0} = {846C50AC-7E33-47E4-8ABF-91244D50E711}
		{E7B230AD-B3AF-47EB-B5DF-C2EDF0696715} = {846C50AC-7E33-47E4-8ABF-91244D50E711}
		{79F95350-DC2C-4006-BFD5-1E9CD1A85A04} = {E7B230AD-B3AF-47EB-B5DF-C2EDF0696715}
		{D97EE7E7-1341-4A51-9664-C06A6806C3FB} = {846C50AC-7E33-47E4-8ABF-91244D50E711}
		{3ACF05DA-97FE-4178-8386-AE0E791BC21B} = {846C50AC-7E33-47E4-8ABF-91244D50E711}
		{16822D29-9A5E-415A-B514-585DC1D8E085} = {846C50AC-7E33-47E4-8ABF-91244D50E711}
		{47590670-9439-43EC-BE91-E46A7A3868A0} = {846C50AC-7E33-47E4-8ABF-91244D50E711}
		{FF223D35-EF43-4173-8768-02BF574F2E18} = {846C50AC-7E33-47E4-8ABF-91244D50E711}
	EndGlobalSection
EndGlobal
